
Microsoft Visual Studio Solution File, Format Version 12.00
# Visual Studio Version 17
VisualStudioVersion = 17.8.34309.116
MinimumVisualStudioVersion = 10.0.40219.1
Project("{FAE04EC0-301F-11D3-BF4B-00C04F79EFBC}") = "RanSanTien", "RanSanTien\RanSanTien.csproj", "{B4E8BD87-74B2-47E5-B3ED-53FFF4AE9ADC}"
EndProject
Global
	GlobalSection(SolutionConfigurationPlatforms) = preSolution
		Debug|Any CPU = Debug|Any CPU
		Release|Any CPU = Release|Any CPU
	EndGlobalSection
	GlobalSection(ProjectConfigurationPlatforms) = postSolution
		{B4E8BD87-74B2-47E5-B3ED-53FFF4AE9ADC}.Debug|Any CPU.ActiveCfg = Debug|Any CPU
		{B4E8BD87-74B2-47E5-B3ED-53FFF4AE9ADC}.Debug|Any CPU.Build.0 = Debug|Any CPU
		{B4E8BD87-74B2-47E5-B3ED-53FFF4AE9ADC}.Release|Any CPU.ActiveCfg = Release|Any CPU
		{B4E8BD87-74B2-47E5-B3ED-53FFF4AE9ADC}.Release|Any CPU.Build.0 = Release|Any CPU
	EndGlobalSection
	GlobalSection(SolutionProperties) = preSolution
		HideSolutionNode = FALSE
	EndGlobalSection
	GlobalSection(ExtensibilityGlobals) = postSolution
		SolutionGuid = {B414D16D-7FF9-4389-BE6A-73261119BF35}
	EndGlobalSection
EndGlobal
